{
  "name": "react-optimization-tools",
  "version": "1.0.1",
  "lockfileVersion": 1,
  "requires": true,
  "dependencies": {
    "qclone": {
      "version": "1.0.10",
      "resolved": "https://registry.npmjs.org/qclone/-/qclone-1.0.10.tgz",
      "integrity": "sha512-z2MSVxi2v4sjsby47niqAHp8SfLmhmsTS9vzKUm8jmbSxdWY2YlqXVveC4GSi9BhoRzSHZjGf71TYRQs+dh7wA=="
    }
  }
}
